// !$*UTF8*$!
{
	archiveVersion = 1;
	classes = {
	};
	objectVersion = 50;
	objects = {

/* Begin PBXBuildFile section */
		FEAC20AB229B75B9003AE2A5 /* AppDelegate.m in Sources */ = {isa = PBXBuildFile; fileRef = FEAC20AA229B75B9003AE2A5 /* AppDelegate.m */; };
		FEAC20AE229B75B9003AE2A5 /* ViewController.m in Sources */ = {isa = PBXBuildFile; fileRef = FEAC20AD229B75B9003AE2A5 /* ViewController.m */; };
		FEAC20B1229B75B9003AE2A5 /* Main.storyboard in Resources */ = {isa = PBXBuildFile; fileRef = FEAC20AF229B75B9003AE2A5 /* Main.storyboard */; };
		FEAC20B3229B75BA003AE2A5 /* Assets.xcassets in Resources */ = {isa = PBXBuildFile; fileRef = FEAC20B2229B75BA003AE2A5 /* Assets.xcassets */; };
		FEAC20B6229B75BA003AE2A5 /* LaunchScreen.storyboard in Resources */ = {isa = PBXBuildFile; fileRef = FEAC20B4229B75BA003AE2A5 /* LaunchScreen.storyboard */; };
		FEAC20B9229B75BA003AE2A5 /* main.m in Sources */ = {isa = PBXBuildFile; fileRef = FEAC20B8229B75BA003AE2A5 /* main.m */; };
		FEAC20C1229B75C3003AE2A5 /* KVMapViewLocationManager.m in Sources */ = {isa = PBXBuildFile; fileRef = FEAC20C0229B75C3003AE2A5 /* KVMapViewLocationManager.m */; };
		FEAC20C8229B7613003AE2A5 /* KVLocationManager.m in Sources */ = {isa = PBXBuildFile; fileRef = FEAC20C6229B7613003AE2A5 /* KVLocationManager.m */; };
		FEAC20D9229B779B003AE2A5 /* AFURLResponseSerialization.m in Sources */ = {isa = PBXBuildFile; fileRef = FEAC20CF229B779A003AE2A5 /* AFURLResponseSerialization.m */; };
		FEAC20DA229B779B003AE2A5 /* AFHTTPSessionManager.m in Sources */ = {isa = PBXBuildFile; fileRef = FEAC20D0229B779A003AE2A5 /* AFHTTPSessionManager.m */; };
		FEAC20DB229B779B003AE2A5 /* AFURLSessionManager.m in Sources */ = {isa = PBXBuildFile; fileRef = FEAC20D2229B779A003AE2A5 /* AFURLSessionManager.m */; };
		FEAC20DC229B779B003AE2A5 /* AFURLRequestSerialization.m in Sources */ = {isa = PBXBuildFile; fileRef = FEAC20D3229B779A003AE2A5 /* AFURLRequestSerialization.m */; };
		FEAC20DD229B779B003AE2A5 /* AFNetworkReachabilityManager.m in Sources */ = {isa = PBXBuildFile; fileRef = FEAC20D5229B779A003AE2A5 /* AFNetworkReachabilityManager.m */; };
		FEAC20DE229B779B003AE2A5 /* AFSecurityPolicy.m in Sources */ = {isa = PBXBuildFile; fileRef = FEAC20D6229B779A003AE2A5 /* AFSecurityPolicy.m */; };
/* End PBXBuildFile section */

/* Begin PBXFileReference section */
		FEAC20A6229B75B9003AE2A5 /* Test_Location.app */ = {isa = PBXFileReference; explicitFileType = wrapper.application; includeInIndex = 0; path = Test_Location.app; sourceTree = BUILT_PRODUCTS_DIR; };
		FEAC20A9229B75B9003AE2A5 /* AppDelegate.h */ = {isa = PBXFileReference; lastKnownFileType = sourcecode.c.h; path = AppDelegate.h; sourceTree = "<group>"; };
		FEAC20AA229B75B9003AE2A5 /* AppDelegate.m */ = {isa = PBXFileReference; lastKnownFileType = sourcecode.c.objc; path = AppDelegate.m; sourceTree = "<group>"; };
		FEAC20AC229B75B9003AE2A5 /* ViewController.h */ = {isa = PBXFileReference; lastKnownFileType = sourcecode.c.h; path = ViewController.h; sourceTree = "<group>"; };
		FEAC20AD229B75B9003AE2A5 /* ViewController.m */ = {isa = PBXFileReference; lastKnownFileType = sourcecode.c.objc; path = ViewController.m; sourceTree = "<group>"; };
		FEAC20B0229B75B9003AE2A5 /* Base */ = {isa = PBXFileReference; lastKnownFileType = file.storyboard; name = Base; path = Base.lproj/Main.storyboard; sourceTree = "<group>"; };
		FEAC20B2229B75BA003AE2A5 /* Assets.xcassets */ = {isa = PBXFileReference; lastKnownFileType = folder.assetcatalog; path = Assets.xcassets; sourceTree = "<group>"; };
		FEAC20B5229B75BA003AE2A5 /* Base */ = {isa = PBXFileReference; lastKnownFileType = file.storyboard; name = Base; path = Base.lproj/LaunchScreen.storyboard; sourceTree = "<group>"; };
		FEAC20B7229B75BA003AE2A5 /* Info.plist */ = {isa = PBXFileReference; lastKnownFileType = text.plist.xml; path = Info.plist; sourceTree = "<group>"; };
		FEAC20B8229B75BA003AE2A5 /* main.m */ = {isa = PBXFileReference; lastKnownFileType = sourcecode.c.objc; path = main.m; sourceTree = "<group>"; };
		FEAC20BF229B75C2003AE2A5 /* KVMapViewLocationManager.h */ = {isa = PBXFileReference; lastKnownFileType = sourcecode.c.h; path = KVMapViewLocationManager.h; sourceTree = "<group>"; };
		FEAC20C0229B75C3003AE2A5 /* KVMapViewLocationManager.m */ = {isa = PBXFileReference; lastKnownFileType = sourcecode.c.objc; path = KVMapViewLocationManager.m; sourceTree = "<group>"; };
		FEAC20C3229B7613003AE2A5 /* KVLocationManager.h */ = {isa = PBXFileReference; fileEncoding = 4; lastKnownFileType = sourcecode.c.h; path = KVLocationManager.h; sourceTree = "<group>"; };
		FEAC20C6229B7613003AE2A5 /* KVLocationManager.m */ = {isa = PBXFileReference; fileEncoding = 4; lastKnownFileType = sourcecode.c.objc; path = KVLocationManager.m; sourceTree = "<group>"; };
		FEAC20C9229B7676003AE2A5 /* Singleton.h */ = {isa = PBXFileReference; lastKnownFileType = sourcecode.c.h; path = Singleton.h; sourceTree = "<group>"; };
		FEAC20CB229B779A003AE2A5 /* AFSecurityPolicy.h */ = {isa = PBXFileReference; fileEncoding = 4; lastKnownFileType = sourcecode.c.h; path = AFSecurityPolicy.h; sourceTree = "<group>"; };
		FEAC20CC229B779A003AE2A5 /* AFNetworkReachabilityManager.h */ = {isa = PBXFileReference; fileEncoding = 4; lastKnownFileType = sourcecode.c.h; path = AFNetworkReachabilityManager.h; sourceTree = "<group>"; };
		FEAC20CD229B779A003AE2A5 /* AFURLSessionManager.h */ = {isa = PBXFileReference; fileEncoding = 4; lastKnownFileType = sourcecode.c.h; path = AFURLSessionManager.h; sourceTree = "<group>"; };
		FEAC20CE229B779A003AE2A5 /* AFURLRequestSerialization.h */ = {isa = PBXFileReference; fileEncoding = 4; lastKnownFileType = sourcecode.c.h; path = AFURLRequestSerialization.h; sourceTree = "<group>"; };
		FEAC20CF229B779A003AE2A5 /* AFURLResponseSerialization.m */ = {isa = PBXFileReference; fileEncoding = 4; lastKnownFileType = sourcecode.c.objc; path = AFURLResponseSerialization.m; sourceTree = "<group>"; };
		FEAC20D0229B779A003AE2A5 /* AFHTTPSessionManager.m */ = {isa = PBXFileReference; fileEncoding = 4; lastKnownFileType = sourcecode.c.objc; path = AFHTTPSessionManager.m; sourceTree = "<group>"; };
		FEAC20D1229B779A003AE2A5 /* AFURLResponseSerialization.h */ = {isa = PBXFileReference; fileEncoding = 4; lastKnownFileType = sourcecode.c.h; path = AFURLResponseSerialization.h; sourceTree = "<group>"; };
		FEAC20D2229B779A003AE2A5 /* AFURLSessionManager.m */ = {isa = PBXFileReference; fileEncoding = 4; lastKnownFileType = sourcecode.c.objc; path = AFURLSessionManager.m; sourceTree = "<group>"; };
		FEAC20D3229B779A003AE2A5 /* AFURLRequestSerialization.m */ = {isa = PBXFileReference; fileEncoding = 4; lastKnownFileType = sourcecode.c.objc; path = AFURLRequestSerialization.m; sourceTree = "<group>"; };
		FEAC20D4229B779A003AE2A5 /* AFNetworking.h */ = {isa = PBXFileReference; fileEncoding = 4; lastKnownFileType = sourcecode.c.h; path = AFNetworking.h; sourceTree = "<group>"; };
		FEAC20D5229B779A003AE2A5 /* AFNetworkReachabilityManager.m */ = {isa = PBXFileReference; fileEncoding = 4; lastKnownFileType = sourcecode.c.objc; path = AFNetworkReachabilityManager.m; sourceTree = "<group>"; };
		FEAC20D6229B779A003AE2A5 /* AFSecurityPolicy.m */ = {isa = PBXFileReference; fileEncoding = 4; lastKnownFileType = sourcecode.c.objc; path = AFSecurityPolicy.m; sourceTree = "<group>"; };
		FEAC20D7229B779A003AE2A5 /* AFCompatibilityMacros.h */ = {isa = PBXFileReference; fileEncoding = 4; lastKnownFileType = sourcecode.c.h; path = AFCompatibilityMacros.h; sourceTree = "<group>"; };
		FEAC20D8229B779A003AE2A5 /* AFHTTPSessionManager.h */ = {isa = PBXFileReference; fileEncoding = 4; lastKnownFileType = sourcecode.c.h; path = AFHTTPSessionManager.h; sourceTree = "<group>"; };
/* End PBXFileReference section */

/* Begin PBXFrameworksBuildPhase section */
		FEAC20A3229B75B9003AE2A5 /* Frameworks */ = {
			isa = PBXFrameworksBuildPhase;
			buildActionMask = 2147483647;
			files = (
			);
			runOnlyForDeploymentPostprocessing = 0;
		};
/* End PBXFrameworksBuildPhase section */

/* Begin PBXGroup section */
		FEAC209D229B75B9003AE2A5 = {
			isa = PBXGroup;
			children = (
				FEAC20CA229B779A003AE2A5 /* AFNetworking */,
				FEAC20A8229B75B9003AE2A5 /* Test_Location */,
				FEAC20A7229B75B9003AE2A5 /* Products */,
			);
			sourceTree = "<group>";
		};
		FEAC20A7229B75B9003AE2A5 /* Products */ = {
			isa = PBXGroup;
			children = (
				FEAC20A6229B75B9003AE2A5 /* Test_Location.app */,
			);
			name = Products;
			sourceTree = "<group>";
		};
		FEAC20A8229B75B9003AE2A5 /* Test_Location */ = {
			isa = PBXGroup;
			children = (
				FEAC20C9229B7676003AE2A5 /* Singleton.h */,
				FEAC20C2229B7613003AE2A5 /* Loction */,
				FEAC20A9229B75B9003AE2A5 /* AppDelegate.h */,
				FEAC20AA229B75B9003AE2A5 /* AppDelegate.m */,
				FEAC20AC229B75B9003AE2A5 /* ViewController.h */,
				FEAC20AD229B75B9003AE2A5 /* ViewController.m */,
				FEAC20AF229B75B9003AE2A5 /* Main.storyboard */,
				FEAC20B2229B75BA003AE2A5 /* Assets.xcassets */,
				FEAC20B4229B75BA003AE2A5 /* LaunchScreen.storyboard */,
				FEAC20B7229B75BA003AE2A5 /* Info.plist */,
				FEAC20B8229B75BA003AE2A5 /* main.m */,
			);
			path = Test_Location;
			sourceTree = "<group>";
		};
		FEAC20C2229B7613003AE2A5 /* Loction */ = {
			isa = PBXGroup;
			children = (
				FEAC20C3229B7613003AE2A5 /* KVLocationManager.h */,
				FEAC20C6229B7613003AE2A5 /* KVLocationManager.m */,
				FEAC20BF229B75C2003AE2A5 /* KVMapViewLocationManager.h */,
				FEAC20C0229B75C3003AE2A5 /* KVMapViewLocationManager.m */,
			);
			path = Loction;
			sourceTree = "<group>";
		};
		FEAC20CA229B779A003AE2A5 /* AFNetworking */ = {
			isa = PBXGroup;
			children = (
				FEAC20CB229B779A003AE2A5 /* AFSecurityPolicy.h */,
				FEAC20CC229B779A003AE2A5 /* AFNetworkReachabilityManager.h */,
				FEAC20CD229B779A003AE2A5 /* AFURLSessionManager.h */,
				FEAC20CE229B779A003AE2A5 /* AFURLRequestSerialization.h */,
				FEAC20CF229B779A003AE2A5 /* AFURLResponseSerialization.m */,
				FEAC20D0229B779A003AE2A5 /* AFHTTPSessionManager.m */,
				FEAC20D1229B779A003AE2A5 /* AFURLResponseSerialization.h */,
				FEAC20D2229B779A003AE2A5 /* AFURLSessionManager.m */,
				FEAC20D3229B779A003AE2A5 /* AFURLRequestSerialization.m */,
				FEAC20D4229B779A003AE2A5 /* AFNetworking.h */,
				FEAC20D5229B779A003AE2A5 /* AFNetworkReachabilityManager.m */,
				FEAC20D6229B779A003AE2A5 /* AFSecurityPolicy.m */,
				FEAC20D7229B779A003AE2A5 /* AFCompatibilityMacros.h */,
				FEAC20D8229B779A003AE2A5 /* AFHTTPSessionManager.h */,
			);
			path = AFNetworking;
			sourceTree = "<group>";
		};
/* End PBXGroup section */

/* Begin PBXNativeTarget section */
		FEAC20A5229B75B9003AE2A5 /* Test_Location */ = {
			isa = PBXNativeTarget;
			buildConfigurationList = FEAC20BC229B75BA003AE2A5 /* Build configuration list for PBXNativeTarget "Test_Location" */;
			buildPhases = (
				FEAC20A2229B75B9003AE2A5 /* Sources */,
				FEAC20A3229B75B9003AE2A5 /* Frameworks */,
				FEAC20A4229B75B9003AE2A5 /* Resources */,
			);
			buildRules = (
			);
			dependencies = (
			);
			name = Test_Location;
			productName = Test_Location;
			productReference = FEAC20A6229B75B9003AE2A5 /* Test_Location.app */;
			productType = "com.apple.product-type.application";
		};
/* End PBXNativeTarget section */

/* Begin PBXProject section */
		FEAC209E229B75B9003AE2A5 /* Project object */ = {
			isa = PBXProject;
			attributes = {
				LastUpgradeCheck = 1010;
				ORGANIZATIONNAME = bairuitech;
				TargetAttributes = {
					FEAC20A5229B75B9003AE2A5 = {
						CreatedOnToolsVersion = 10.1;
					};
				};
			};
			buildConfigurationList = FEAC20A1229B75B9003AE2A5 /* Build configuration list for PBXProject "Test_Location" */;
			compatibilityVersion = "Xcode 9.3";
			developmentRegion = en;
			hasScannedForEncodings = 0;
			knownRegions = (
				en,
				Base,
			);
			mainGroup = FEAC209D229B75B9003AE2A5;
			productRefGroup = FEAC20A7229B75B9003AE2A5 /* Products */;
			projectDirPath = "";
			projectRoot = "";
			targets = (
				FEAC20A5229B75B9003AE2A5 /* Test_Location */,
			);
		};
/* End PBXProject section */

/* Begin PBXResourcesBuildPhase section */
		FEAC20A4229B75B9003AE2A5 /* Resources */ = {
			isa = PBXResourcesBuildPhase;
			buildActionMask = 2147483647;
			files = (
				FEAC20B6229B75BA003AE2A5 /* LaunchScreen.storyboard in Resources */,
				FEAC20B3229B75BA003AE2A5 /* Assets.xcassets in Resources */,
				FEAC20B1229B75B9003AE2A5 /* Main.storyboard in Resources */,
			);
			runOnlyForDeploymentPostprocessing = 0;
		};
/* End PBXResourcesBuildPhase section */

/* Begin PBXSourcesBuildPhase section */
		FEAC20A2229B75B9003AE2A5 /* Sources */ = {
			isa = PBXSourcesBuildPhase;
			buildActionMask = 2147483647;
			files = (
				FEAC20DB229B779B003AE2A5 /* AFURLSessionManager.m in Sources */,
				FEAC20C1229B75C3003AE2A5 /* KVMapViewLocationManager.m in Sources */,
				FEAC20AE229B75B9003AE2A5 /* ViewController.m in Sources */,
				FEAC20B9229B75BA003AE2A5 /* main.m in Sources */,
				FEAC20DE229B779B003AE2A5 /* AFSecurityPolicy.m in Sources */,
				FEAC20AB229B75B9003AE2A5 /* AppDelegate.m in Sources */,
				FEAC20D9229B779B003AE2A5 /* AFURLResponseSerialization.m in Sources */,
				FEAC20DC229B779B003AE2A5 /* AFURLRequestSerialization.m in Sources */,
				FEAC20C8229B7613003AE2A5 /* KVLocationManager.m in Sources */,
				FEAC20DD229B779B003AE2A5 /* AFNetworkReachabilityManager.m in Sources */,
				FEAC20DA229B779B003AE2A5 /* AFHTTPSessionManager.m in Sources */,
			);
			runOnlyForDeploymentPostprocessing = 0;
		};
/* End PBXSourcesBuildPhase section */

/* Begin PBXVariantGroup section */
		FEAC20AF229B75B9003AE2A5 /* Main.storyboard */ = {
			isa = PBXVariantGroup;
			children = (
				FEAC20B0229B75B9003AE2A5 /* Base */,
			);
			name = Main.storyboard;
			sourceTree = "<group>";
		};
		FEAC20B4229B75BA003AE2A5 /* LaunchScreen.storyboard */ = {
			isa = PBXVariantGroup;
			children = (
				FEAC20B5229B75BA003AE2A5 /* Base */,
			);
			name = LaunchScreen.storyboard;
			sourceTree = "<group>";
		};
/* End PBXVariantGroup section */

/* Begin XCBuildConfiguration section */
		FEAC20BA229B75BA003AE2A5 /* Debug */ = {
			isa = XCBuildConfiguration;
			buildSettings = {
				ALWAYS_SEARCH_USER_PATHS = NO;
				CLANG_ANALYZER_NONNULL = YES;
				CLANG_ANALYZER_NUMBER_OBJECT_CONVERSION = YES_AGGRESSIVE;
				CLANG_CXX_LANGUAGE_STANDARD = "gnu++14";
				CLANG_CXX_LIBRARY = "libc++";
				CLANG_ENABLE_MODULES = YES;
				CLANG_ENABLE_OBJC_ARC = YES;
				CLANG_ENABLE_OBJC_WEAK = YES;
				CLANG_WARN_BLOCK_CAPTURE_AUTORELEASING = YES;
				CLANG_WARN_BOOL_CONVERSION = YES;
				CLANG_WARN_COMMA = YES;
				CLANG_WARN_CONSTANT_CONVERSION = YES;
				CLANG_WARN_DEPRECATED_OBJC_IMPLEMENTATIONS = YES;
				CLANG_WARN_DIRECT_OBJC_ISA_USAGE = YES_ERROR;
				CLANG_WARN_DOCUMENTATION_COMMENTS = YES;
				CLANG_WARN_EMPTY_BODY = YES;
				CLANG_WARN_ENUM_CONVERSION = YES;
				CLANG_WARN_INFINITE_RECURSION = YES;
				CLANG_WARN_INT_CONVERSION = YES;
				CLANG_WARN_NON_LITERAL_NULL_CONVERSION = YES;
				CLANG_WARN_OBJC_IMPLICIT_RETAIN_SELF = YES;
				CLANG_WARN_OBJC_LITERAL_CONVERSION = YES;
				CLANG_WARN_OBJC_ROOT_CLASS = YES_ERROR;
				CLANG_WARN_RANGE_LOOP_ANALYSIS = YES;
				CLANG_WARN_STRICT_PROTOTYPES = YES;
				CLANG_WARN_SUSPICIOUS_MOVE = YES;
				CLANG_WARN_UNGUARDED_AVAILABILITY = YES_AGGRESSIVE;
				CLANG_WARN_UNREACHABLE_CODE = YES;
				CLANG_WARN__DUPLICATE_METHOD_MATCH = YES;
				CODE_SIGN_IDENTITY = "iPhone Developer";
				COPY_PHASE_STRIP = NO;
				DEBUG_INFORMATION_FORMAT = dwarf;
				ENABLE_STRICT_OBJC_MSGSEND = YES;
				ENABLE_TESTABILITY = YES;
				GCC_C_LANGUAGE_STANDARD = gnu11;
				GCC_DYNAMIC_NO_PIC = NO;
				GCC_NO_COMMON_BLOCKS = YES;
				GCC_OPTIMIZATION_LEVEL = 0;
				GCC_PREPROCESSOR_DEFINITIONS = (
					"DEBUG=1",
					"$(inherited)",
				);
				GCC_WARN_64_TO_32_BIT_CONVERSION = YES;
				GCC_WARN_ABOUT_RETURN_TYPE = YES_ERROR;
				GCC_WARN_UNDECLARED_SELECTOR = YES;
				GCC_WARN_UNINITIALIZED_AUTOS = YES_AGGRESSIVE;
				GCC_WARN_UNUSED_FUNCTION = YES;
				GCC_WARN_UNUSED_VARIABLE = YES;
				IPHONEOS_DEPLOYMENT_TARGET = 12.1;
				MTL_ENABLE_DEBUG_INFO = INCLUDE_SOURCE;
				MTL_FAST_MATH = YES;
				ONLY_ACTIVE_ARCH = YES;
				SDKROOT = iphoneos;
			};
			name = Debug;
		};
		FEAC20BB229B75BA003AE2A5 /* Release */ = {
			isa = XCBuildConfiguration;
			buildSettings = {
				ALWAYS_SEARCH_USER_PATHS = NO;
				CLANG_ANALYZER_NONNULL = YES;
				CLANG_ANALYZER_NUMBER_OBJECT_CONVERSION = YES_AGGRESSIVE;
				CLANG_CXX_LANGUAGE_STANDARD = "gnu++14";
				CLANG_CXX_LIBRARY = "libc++";
				CLANG_ENABLE_MODULES = YES;
				CLANG_ENABLE_OBJC_ARC = YES;
				CLANG_ENABLE_OBJC_WEAK = YES;
				CLANG_WARN_BLOCK_CAPTURE_AUTORELEASING = YES;
				CLANG_WARN_BOOL_CONVERSION = YES;
				CLANG_WARN_COMMA = YES;
				CLANG_WARN_CONSTANT_CONVERSION = YES;
				CLANG_WARN_DEPRECATED_OBJC_IMPLEMENTATIONS = YES;
				CLANG_WARN_DIRECT_OBJC_ISA_USAGE = YES_ERROR;
				CLANG_WARN_DOCUMENTATION_COMMENTS = YES;
				CLANG_WARN_EMPTY_BODY = YES;
				CLANG_WARN_ENUM_CONVERSION = YES;
				CLANG_WARN_INFINITE_RECURSION = YES;
				CLANG_WARN_INT_CONVERSION = YES;
				CLANG_WARN_NON_LITERAL_NULL_CONVERSION = YES;
				CLANG_WARN_OBJC_IMPLICIT_RETAIN_SELF = YES;
				CLANG_WARN_OBJC_LITERAL_CONVERSION = YES;
				CLANG_WARN_OBJC_ROOT_CLASS = YES_ERROR;
				CLANG_WARN_RANGE_LOOP_ANALYSIS = YES;
				CLANG_WARN_STRICT_PROTOTYPES = YES;
				CLANG_WARN_SUSPICIOUS_MOVE = YES;
				CLANG_WARN_UNGUARDED_AVAILABILITY = YES_AGGRESSIVE;
				CLANG_WARN_UNREACHABLE_CODE = YES;
				CLANG_WARN__DUPLICATE_METHOD_MATCH = YES;
				CODE_SIGN_IDENTITY = "iPhone Developer";
				COPY_PHASE_STRIP = NO;
				DEBUG_INFORMATION_FORMAT = "dwarf-with-dsym";
				ENABLE_NS_ASSERTIONS = NO;
				ENABLE_STRICT_OBJC_MSGSEND = YES;
				GCC_C_LANGUAGE_STANDARD = gnu11;
				GCC_NO_COMMON_BLOCKS = YES;
				GCC_WARN_64_TO_32_BIT_CONVERSION = YES;
				GCC_WARN_ABOUT_RETURN_TYPE = YES_ERROR;
				GCC_WARN_UNDECLARED_SELECTOR = YES;
				GCC_WARN_UNINITIALIZED_AUTOS = YES_AGGRESSIVE;
				GCC_WARN_UNUSED_FUNCTION = YES;
				GCC_WARN_UNUSED_VARIABLE = YES;
				IPHONEOS_DEPLOYMENT_TARGET = 12.1;
				MTL_ENABLE_DEBUG_INFO = NO;
				MTL_FAST_MATH = YES;
				SDKROOT = iphoneos;
				VALIDATE_PRODUCT = YES;
			};
			name = Release;
		};
		FEAC20BD229B75BA003AE2A5 /* Debug */ = {
			isa = XCBuildConfiguration;
			buildSettings = {
				ASSETCATALOG_COMPILER_APPICON_NAME = AppIcon;
				CODE_SIGN_STYLE = Automatic;
				DEVELOPMENT_TEAM = 6TZ958XNMU;
				INFOPLIST_FILE = Test_Location/Info.plist;
				IPHONEOS_DEPLOYMENT_TARGET = 9.1;
				LD_RUNPATH_SEARCH_PATHS = (
					"$(inherited)",
					"@executable_path/Frameworks",
				);
				PRODUCT_BUNDLE_IDENTIFIER = "com.Test-Location2";
				PRODUCT_NAME = "$(TARGET_NAME)";
				TARGETED_DEVICE_FAMILY = "1,2";
			};
			name = Debug;
		};
		FEAC20BE229B75BA003AE2A5 /* Release */ = {
			isa = XCBuildConfiguration;
			buildSettings = {
				ASSETCATALOG_COMPILER_APPICON_NAME = AppIcon;
				CODE_SIGN_STYLE = Automatic;
				DEVELOPMENT_TEAM = 6TZ958XNMU;
				INFOPLIST_FILE = Test_Location/Info.plist;
				IPHONEOS_DEPLOYMENT_TARGET = 9.1;
				LD_RUNPATH_SEARCH_PATHS = (
					"$(inherited)",
					"@executable_path/Frameworks",
				);
				PRODUCT_BUNDLE_IDENTIFIER = "com.Test-Location2";
				PRODUCT_NAME = "$(TARGET_NAME)";
				TARGETED_DEVICE_FAMILY = "1,2";
			};
			name = Release;
		};
/* End XCBuildConfiguration section */

/* Begin XCConfigurationList section */
		FEAC20A1229B75B9003AE2A5 /* Build configuration list for PBXProject "Test_Location" */ = {
			isa = XCConfigurationList;
			buildConfigurations = (
				FEAC20BA229B75BA003AE2A5 /* Debug */,
				FEAC20BB229B75BA003AE2A5 /* Release */,
			);
			defaultConfigurationIsVisible = 0;
			defaultConfigurationName = Release;
		};
		FEAC20BC229B75BA003AE2A5 /* Build configuration list for PBXNativeTarget "Test_Location" */ = {
			isa = XCConfigurationList;
			buildConfigurations = (
				FEAC20BD229B75BA003AE2A5 /* Debug */,
				FEAC20BE229B75BA003AE2A5 /* Release */,
			);
			defaultConfigurationIsVisible = 0;
			defaultConfigurationName = Release;
		};
/* End XCConfigurationList section */
	};
	rootObject = FEAC209E229B75B9003AE2A5 /* Project object */;
}
